Microsoft Visual Studio Solution File, Format Version 12.00
# Visual Studio 15
VisualStudioVersion = 15.0.27130.2024
MinimumVisualStudioVersion = 10.0.40219.1
Project("{FAE04EC0-301F-11D3-BF4B-00C04F79EFBC}") = "AUV-GCS", "AUV-GCS.csproj", "{6E0F3590-D064-4D6B-AEB4-04F639CDE4E8}"
EndProject
Project("{2150E333-8FDC-42A3-9474-1A3956D46DE8}") = "ExtLibs", "ExtLibs", "{F23AD991-B2E9-432F-88A5-57593A3F2DED}"
EndProject
Project("{FAE04EC0-301F-11D3-BF4B-00C04F79EFBC}") = "Arduino", "ExtLibs\Arduino\Arduino.csproj", "{EC0F2B60-CC39-4990-801F-C5DB4B570600}"
EndProject
Project("{FAE04EC0-301F-11D3-BF4B-00C04F79EFBC}") = "BSE.Windows.Forms", "ExtLibs\BSE.Windows.Forms\BSE.Windows.Forms.csproj", "{9CA367B8-0B98-49D1-84FB-735E612E3BA9}"
EndProject
Project("{9A19103F-16F7-4668-BE54-9A1E7A4F7556}") = "MissionPlanner.Comms", "ExtLibs\Comms\MissionPlanner.Comms.csproj", "{1495759A-9158-4F22-B75F-EE291C57D935}"
EndProject
Project("{9A19103F-16F7-4668-BE54-9A1E7A4F7556}") = "MissionPlanner.Controls", "ExtLibs\Controls\MissionPlanner.Controls.csproj", "{B1859387-CD34-4138-B3ED-D78C60F3F825}"
EndProject
Project("{FAE04EC0-301F-11D3-BF4B-00C04F79EFBC}") = "GeoUtility", "ExtLibs\GeoUtility\GeoUtility.csproj", "{7F7994CE-823F-4A04-BBEA-D0A3808FF56D}"
EndProject
Project("{FAE04EC0-301F-11D3-BF4B-00C04F79EFBC}") = "GMap.NET.Core", "ExtLibs\GMap.NET.Core\GMap.NET.Core.csproj", "{D0C39D9D-BED0-418B-9A5E-713176CAF40C}"
EndProject
Project("{FAE04EC0-301F-11D3-BF4B-00C04F79EFBC}") = "GMap.NET.WindowsForms", "ExtLibs\GMap.NET.WindowsForms\GMap.NET.WindowsForms.csproj", "{E06DEF77-F933-42FB-AFD7-DB2D0D8D6A98}"
EndProject
Project("{FAE04EC0-301F-11D3-BF4B-00C04F79EFBC}") = "ManagedNativeWifi.Simple", "ExtLibs\ManagedNativeWifi.Simple\ManagedNativeWifi.Simple.csproj", "{CCE510F7-1DA6-40F2-8921-B86ED41BB85E}"
EndProject
Project("{9A19103F-16F7-4668-BE54-9A1E7A4F7556}") = "MAVLink", "ExtLibs\Mavlink\MAVLink.csproj", "{BFBEA668-811B-4A2C-88C8-4ACE809240EA}"
EndProject
Project("{FAE04EC0-301F-11D3-BF4B-00C04F79EFBC}") = "px4uploader", "ExtLibs\px4uploader\px4uploader.csproj", "{664FC484-2A94-4B0D-808F-A71F88E06B11}"
EndProject
Project("{FAE04EC0-301F-11D3-BF4B-00C04F79EFBC}") = "SharpAdbClient", "ExtLibs\SharpAdbClient\SharpAdbClient.csproj", "{65473257-E70F-410B-9269-D0C0F771EA87}"
EndProject
Project("{FAE04EC0-301F-11D3-BF4B-00C04F79EFBC}") = "solo", "ExtLibs\solo\solo.csproj", "{CF402948-A3F4-4962-8A57-E40B46759D25}"
EndProject
Project("{9A19103F-16F7-4668-BE54-9A1E7A4F7556}") = "MissionPlanner.Utilities", "ExtLibs\Utilities\MissionPlanner.Utilities.csproj", "{8CC16BE0-34A4-4683-8D8E-F8F52E19BD7D}"
EndProject
Project("{FAE04EC0-301F-11D3-BF4B-00C04F79EFBC}") = "ZedGraph", "ExtLibs\ZedGraph\ZedGraph.csproj", "{2541686B-1673-43BF-AF89-3163945DB009}"
EndProject
Project("{9A19103F-16F7-4668-BE54-9A1E7A4F7556}") = "PathProgram", "ExtLibs\PathProgram\PathProgram.csproj", "{1A34A984-73A8-4919-BB04-36D8207FD436}"
EndProject
Global
	GlobalSection(SolutionConfigurationPlatforms) = preSolution
		Debug|Any CPU = Debug|Any CPU
		Debug|x64 = Debug|x64
		Debug|x86 = Debug|x86
		Release|Any CPU = Release|Any CPU
		Release|x64 = Release|x64
		Release|x86 = Release|x86
	EndGlobalSection
	GlobalSection(ProjectConfigurationPlatforms) = postSolution
		{6E0F3590-D064-4D6B-AEB4-04F639CDE4E8}.Debug|Any CPU.ActiveCfg = Debug|Any CPU
		{6E0F3590-D064-4D6B-AEB4-04F639CDE4E8}.Debug|Any CPU.Build.0 = Debug|Any CPU
		{6E0F3590-D064-4D6B-AEB4-04F639CDE4E8}.Debug|x64.ActiveCfg = Debug|x64
		{6E0F3590-D064-4D6B-AEB4-04F639CDE4E8}.Debug|x64.Build.0 = Debug|x64
		{6E0F3590-D064-4D6B-AEB4-04F639CDE4E8}.Debug|x86.ActiveCfg = Debug|x86
		{6E0F3590-D064-4D6B-AEB4-04F639CDE4E8}.Debug|x86.Build.0 = Debug|x86
		{6E0F3590-D064-4D6B-AEB4-04F639CDE4E8}.Release|Any CPU.ActiveCfg = Release|Any CPU
		{6E0F3590-D064-4D6B-AEB4-04F639CDE4E8}.Release|Any CPU.Build.0 = Release|Any CPU
		{6E0F3590-D064-4D6B-AEB4-04F639CDE4E8}.Release|x64.ActiveCfg = Release|x64
		{6E0F3590-D064-4D6B-AEB4-04F639CDE4E8}.Release|x64.Build.0 = Release|x64
		{6E0F3590-D064-4D6B-AEB4-04F639CDE4E8}.Release|x86.ActiveCfg = Release|x86
		{6E0F3590-D064-4D6B-AEB4-04F639CDE4E8}.Release|x86.Build.0 = Release|x86
		{EC0F2B60-CC39-4990-801F-C5DB4B570600}.Debug|Any CPU.ActiveCfg = Debug|Any CPU
		{EC0F2B60-CC39-4990-801F-C5DB4B570600}.Debug|Any CPU.Build.0 = Debug|Any CPU
		{EC0F2B60-CC39-4990-801F-C5DB4B570600}.Debug|x64.ActiveCfg = Debug|Any CPU
		{EC0F2B60-CC39-4990-801F-C5DB4B570600}.Debug|x64.Build.0 = Debug|Any CPU
		{EC0F2B60-CC39-4990-801F-C5DB4B570600}.Debug|x86.ActiveCfg = Debug|Any CPU
		{EC0F2B60-CC39-4990-801F-C5DB4B570600}.Debug|x86.Build.0 = Debug|Any CPU
		{EC0F2B60-CC39-4990-801F-C5DB4B570600}.Release|Any CPU.ActiveCfg = Release|Any CPU
		{EC0F2B60-CC39-4990-801F-C5DB4B570600}.Release|Any CPU.Build.0 = Release|Any CPU
		{EC0F2B60-CC39-4990-801F-C5DB4B570600}.Release|x64.ActiveCfg = Release|Any CPU
		{EC0F2B60-CC39-4990-801F-C5DB4B570600}.Release|x64.Build.0 = Release|Any CPU
		{EC0F2B60-CC39-4990-801F-C5DB4B570600}.Release|x86.ActiveCfg = Release|Any CPU
		{EC0F2B60-CC39-4990-801F-C5DB4B570600}.Release|x86.Build.0 = Release|Any CPU
		{9CA367B8-0B98-49D1-84FB-735E612E3BA9}.Debug|Any CPU.ActiveCfg = Debug|Any CPU
		{9CA367B8-0B98-49D1-84FB-735E612E3BA9}.Debug|Any CPU.Build.0 = Debug|Any CPU
		{9CA367B8-0B98-49D1-84FB-735E612E3BA9}.Debug|x64.ActiveCfg = Debug|Any CPU
		{9CA367B8-0B98-49D1-84FB-735E612E3BA9}.Debug|x64.Build.0 = Debug|Any CPU
		{9CA367B8-0B98-49D1-84FB-735E612E3BA9}.Debug|x86.ActiveCfg = Debug|Any CPU
		{9CA367B8-0B98-49D1-84FB-735E612E3BA9}.Debug|x86.Build.0 = Debug|Any CPU
		{9CA367B8-0B98-49D1-84FB-735E612E3BA9}.Release|Any CPU.ActiveCfg = Release|Any CPU
		{9CA367B8-0B98-49D1-84FB-735E612E3BA9}.Release|Any CPU.Build.0 = Release|Any CPU
		{9CA367B8-0B98-49D1-84FB-735E612E3BA9}.Release|x64.ActiveCfg = Release|Any CPU
		{9CA367B8-0B98-49D1-84FB-735E612E3BA9}.Release|x64.Build.0 = Release|Any CPU
		{9CA367B8-0B98-49D1-84FB-735E612E3BA9}.Release|x86.ActiveCfg = Release|Any CPU
		{9CA367B8-0B98-49D1-84FB-735E612E3BA9}.Release|x86.Build.0 = Release|Any CPU
		{1495759A-9158-4F22-B75F-EE291C57D935}.Debug|Any CPU.ActiveCfg = Debug|Any CPU
		{1495759A-9158-4F22-B75F-EE291C57D935}.Debug|Any CPU.Build.0 = Debug|Any CPU
		{1495759A-9158-4F22-B75F-EE291C57D935}.Debug|x64.ActiveCfg = Debug|Any CPU
		{1495759A-9158-4F22-B75F-EE291C57D935}.Debug|x64.Build.0 = Debug|Any CPU
		{1495759A-9158-4F22-B75F-EE291C57D935}.Debug|x86.ActiveCfg = Debug|Any CPU
		{1495759A-9158-4F22-B75F-EE291C57D935}.Debug|x86.Build.0 = Debug|Any CPU
		{1495759A-9158-4F22-B75F-EE291C57D935}.Release|Any CPU.ActiveCfg = Release|Any CPU
		{1495759A-9158-4F22-B75F-EE291C57D935}.Release|Any CPU.Build.0 = Release|Any CPU
		{1495759A-9158-4F22-B75F-EE291C57D935}.Release|x64.ActiveCfg = Release|Any CPU
		{1495759A-9158-4F22-B75F-EE291C57D935}.Release|x64.Build.0 = Release|Any CPU
		{1495759A-9158-4F22-B75F-EE291C57D935}.Release|x86.ActiveCfg = Release|Any CPU
		{1495759A-9158-4F22-B75F-EE291C57D935}.Release|x86.Build.0 = Release|Any CPU
		{B1859387-CD34-4138-B3ED-D78C60F3F825}.Debug|Any CPU.ActiveCfg = Debug|Any CPU
		{B1859387-CD34-4138-B3ED-D78C60F3F825}.Debug|Any CPU.Build.0 = Debug|Any CPU
		{B1859387-CD34-4138-B3ED-D78C60F3F825}.Debug|x64.ActiveCfg = Debug|Any CPU
		{B1859387-CD34-4138-B3ED-D78C60F3F825}.Debug|x64.Build.0 = Debug|Any CPU
		{B1859387-CD34-4138-B3ED-D78C60F3F825}.Debug|x86.ActiveCfg = Debug|Any CPU
		{B1859387-CD34-4138-B3ED-D78C60F3F825}.Debug|x86.Build.0 = Debug|Any CPU
		{B1859387-CD34-4138-B3ED-D78C60F3F825}.Release|Any CPU.ActiveCfg = Release|Any CPU
		{B1859387-CD34-4138-B3ED-D78C60F3F825}.Release|Any CPU.Build.0 = Release|Any CPU
		{B1859387-CD34-4138-B3ED-D78C60F3F825}.Release|x64.ActiveCfg = Release|Any CPU
		{B1859387-CD34-4138-B3ED-D78C60F3F825}.Release|x64.Build.0 = Release|Any CPU
		{B1859387-CD34-4138-B3ED-D78C60F3F825}.Release|x86.ActiveCfg = Release|Any CPU
		{B1859387-CD34-4138-B3ED-D78C60F3F825}.Release|x86.Build.0 = Release|Any CPU
		{7F7994CE-823F-4A04-BBEA-D0A3808FF56D}.Debug|Any CPU.ActiveCfg = Debug|Any CPU
		{7F7994CE-823F-4A04-BBEA-D0A3808FF56D}.Debug|Any CPU.Build.0 = Debug|Any CPU
		{7F7994CE-823F-4A04-BBEA-D0A3808FF56D}.Debug|x64.ActiveCfg = Debug|Any CPU
		{7F7994CE-823F-4A04-BBEA-D0A3808FF56D}.Debug|x64.Build.0 = Debug|Any CPU
		{7F7994CE-823F-4A04-BBEA-D0A3808FF56D}.Debug|x86.ActiveCfg = Debug|Any CPU
		{7F7994CE-823F-4A04-BBEA-D0A3808FF56D}.Debug|x86.Build.0 = Debug|Any CPU
		{7F7994CE-823F-4A04-BBEA-D0A3808FF56D}.Release|Any CPU.ActiveCfg = Release|Any CPU
		{7F7994CE-823F-4A04-BBEA-D0A3808FF56D}.Release|Any CPU.Build.0 = Release|Any CPU
		{7F7994CE-823F-4A04-BBEA-D0A3808FF56D}.Release|x64.ActiveCfg = Release|Any CPU
		{7F7994CE-823F-4A04-BBEA-D0A3808FF56D}.Release|x64.Build.0 = Release|Any CPU
		{7F7994CE-823F-4A04-BBEA-D0A3808FF56D}.Release|x86.ActiveCfg = Release|Any CPU
		{7F7994CE-823F-4A04-BBEA-D0A3808FF56D}.Release|x86.Build.0 = Release|Any CPU
		{D0C39D9D-BED0-418B-9A5E-713176CAF40C}.Debug|Any CPU.ActiveCfg = Debug|Any CPU
		{D0C39D9D-BED0-418B-9A5E-713176CAF40C}.Debug|Any CPU.Build.0 = Debug|Any CPU
		{D0C39D9D-BED0-418B-9A5E-713176CAF40C}.Debug|x64.ActiveCfg = Debug|Any CPU
		{D0C39D9D-BED0-418B-9A5E-713176CAF40C}.Debug|x64.Build.0 = Debug|Any CPU
		{D0C39D9D-BED0-418B-9A5E-713176CAF40C}.Debug|x86.ActiveCfg = Debug|Any CPU
		{D0C39D9D-BED0-418B-9A5E-713176CAF40C}.Debug|x86.Build.0 = Debug|Any CPU
		{D0C39D9D-BED0-418B-9A5E-713176CAF40C}.Release|Any CPU.ActiveCfg = Release|Any CPU
		{D0C39D9D-BED0-418B-9A5E-713176CAF40C}.Release|Any CPU.Build.0 = Release|Any CPU
		{D0C39D9D-BED0-418B-9A5E-713176CAF40C}.Release|x64.ActiveCfg = Release|Any CPU
		{D0C39D9D-BED0-418B-9A5E-713176CAF40C}.Release|x64.Build.0 = Release|Any CPU
		{D0C39D9D-BED0-418B-9A5E-713176CAF40C}.Release|x86.ActiveCfg = Release|Any CPU
		{D0C39D9D-BED0-418B-9A5E-713176CAF40C}.Release|x86.Build.0 = Release|Any CPU
		{E06DEF77-F933-42FB-AFD7-DB2D0D8D6A98}.Debug|Any CPU.ActiveCfg = Debug|Any CPU
		{E06DEF77-F933-42FB-AFD7-DB2D0D8D6A98}.Debug|Any CPU.Build.0 = Debug|Any CPU
		{E06DEF77-F933-42FB-AFD7-DB2D0D8D6A98}.Debug|x64.ActiveCfg = Debug|Any CPU
		{E06DEF77-F933-42FB-AFD7-DB2D0D8D6A98}.Debug|x64.Build.0 = Debug|Any CPU
		{E06DEF77-F933-42FB-AFD7-DB2D0D8D6A98}.Debug|x86.ActiveCfg = Debug|Any CPU
		{E06DEF77-F933-42FB-AFD7-DB2D0D8D6A98}.Debug|x86.Build.0 = Debug|Any CPU
		{E06DEF77-F933-42FB-AFD7-DB2D0D8D6A98}.Release|Any CPU.ActiveCfg = Release|Any CPU
		{E06DEF77-F933-42FB-AFD7-DB2D0D8D6A98}.Release|Any CPU.Build.0 = Release|Any CPU
		{E06DEF77-F933-42FB-AFD7-DB2D0D8D6A98}.Release|x64.ActiveCfg = Release|Any CPU
		{E06DEF77-F933-42FB-AFD7-DB2D0D8D6A98}.Release|x64.Build.0 = Release|Any CPU
		{E06DEF77-F933-42FB-AFD7-DB2D0D8D6A98}.Release|x86.ActiveCfg = Release|Any CPU
		{E06DEF77-F933-42FB-AFD7-DB2D0D8D6A98}.Release|x86.Build.0 = Release|Any CPU
		{CCE510F7-1DA6-40F2-8921-B86ED41BB85E}.Debug|Any CPU.ActiveCfg = Debug|Any CPU
		{CCE510F7-1DA6-40F2-8921-B86ED41BB85E}.Debug|Any CPU.Build.0 = Debug|Any CPU
		{CCE510F7-1DA6-40F2-8921-B86ED41BB85E}.Debug|x64.ActiveCfg = Debug|Any CPU
		{CCE510F7-1DA6-40F2-8921-B86ED41BB85E}.Debug|x64.Build.0 = Debug|Any CPU
		{CCE510F7-1DA6-40F2-8921-B86ED41BB85E}.Debug|x86.ActiveCfg = Debug|Any CPU
		{CCE510F7-1DA6-40F2-8921-B86ED41BB85E}.Debug|x86.Build.0 = Debug|Any CPU
		{CCE510F7-1DA6-40F2-8921-B86ED41BB85E}.Release|Any CPU.ActiveCfg = Release|Any CPU
		{CCE510F7-1DA6-40F2-8921-B86ED41BB85E}.Release|Any CPU.Build.0 = Release|Any CPU
		{CCE510F7-1DA6-40F2-8921-B86ED41BB85E}.Release|x64.ActiveCfg = Release|Any CPU
		{CCE510F7-1DA6-40F2-8921-B86ED41BB85E}.Release|x64.Build.0 = Release|Any CPU
		{CCE510F7-1DA6-40F2-8921-B86ED41BB85E}.Release|x86.ActiveCfg = Release|Any CPU
		{CCE510F7-1DA6-40F2-8921-B86ED41BB85E}.Release|x86.Build.0 = Release|Any CPU
		{BFBEA668-811B-4A2C-88C8-4ACE809240EA}.Debug|Any CPU.ActiveCfg = Debug|Any CPU
		{BFBEA668-811B-4A2C-88C8-4ACE809240EA}.Debug|Any CPU.Build.0 = Debug|Any CPU
		{BFBEA668-811B-4A2C-88C8-4ACE809240EA}.Debug|x64.ActiveCfg = Debug|Any CPU
		{BFBEA668-811B-4A2C-88C8-4ACE809240EA}.Debug|x64.Build.0 = Debug|Any CPU
		{BFBEA668-811B-4A2C-88C8-4ACE809240EA}.Debug|x86.ActiveCfg = Debug|Any CPU
		{BFBEA668-811B-4A2C-88C8-4ACE809240EA}.Debug|x86.Build.0 = Debug|Any CPU
		{BFBEA668-811B-4A2C-88C8-4ACE809240EA}.Release|Any CPU.ActiveCfg = Release|Any CPU
		{BFBEA668-811B-4A2C-88C8-4ACE809240EA}.Release|Any CPU.Build.0 = Release|Any CPU
		{BFBEA668-811B-4A2C-88C8-4ACE809240EA}.Release|x64.ActiveCfg = Release|Any CPU
		{BFBEA668-811B-4A2C-88C8-4ACE809240EA}.Release|x64.Build.0 = Release|Any CPU
		{BFBEA668-811B-4A2C-88C8-4ACE809240EA}.Release|x86.ActiveCfg = Release|Any CPU
		{BFBEA668-811B-4A2C-88C8-4ACE809240EA}.Release|x86.Build.0 = Release|Any CPU
		{664FC484-2A94-4B0D-808F-A71F88E06B11}.Debug|Any CPU.ActiveCfg = Debug|Any CPU
		{664FC484-2A94-4B0D-808F-A71F88E06B11}.Debug|Any CPU.Build.0 = Debug|Any CPU
		{664FC484-2A94-4B0D-808F-A71F88E06B11}.Debug|x64.ActiveCfg = Debug|Any CPU
		{664FC484-2A94-4B0D-808F-A71F88E06B11}.Debug|x64.Build.0 = Debug|Any CPU
		{664FC484-2A94-4B0D-808F-A71F88E06B11}.Debug|x86.ActiveCfg = Debug|x86
		{664FC484-2A94-4B0D-808F-A71F88E06B11}.Debug|x86.Build.0 = Debug|x86
		{664FC484-2A94-4B0D-808F-A71F88E06B11}.Release|Any CPU.ActiveCfg = Release|Any CPU
		{664FC484-2A94-4B0D-808F-A71F88E06B11}.Release|Any CPU.Build.0 = Release|Any CPU
		{664FC484-2A94-4B0D-808F-A71F88E06B11}.Release|x64.ActiveCfg = Release|Any CPU
		{664FC484-2A94-4B0D-808F-A71F88E06B11}.Release|x64.Build.0 = Release|Any CPU
		{664FC484-2A94-4B0D-808F-A71F88E06B11}.Release|x86.ActiveCfg = Release|x86
		{664FC484-2A94-4B0D-808F-A71F88E06B11}.Release|x86.Build.0 = Release|x86
		{65473257-E70F-410B-9269-D0C0F771EA87}.Debug|Any CPU.ActiveCfg = Debug|Any CPU
		{65473257-E70F-410B-9269-D0C0F771EA87}.Debug|Any CPU.Build.0 = Debug|Any CPU
		{65473257-E70F-410B-9269-D0C0F771EA87}.Debug|x64.ActiveCfg = Debug|Any CPU
		{65473257-E70F-410B-9269-D0C0F771EA87}.Debug|x64.Build.0 = Debug|Any CPU
		{65473257-E70F-410B-9269-D0C0F771EA87}.Debug|x86.ActiveCfg = Debug|Any CPU
		{65473257-E70F-410B-9269-D0C0F771EA87}.Debug|x86.Build.0 = Debug|Any CPU
		{65473257-E70F-410B-9269-D0C0F771EA87}.Release|Any CPU.ActiveCfg = Release|Any CPU
		{65473257-E70F-410B-9269-D0C0F771EA87}.Release|Any CPU.Build.0 = Release|Any CPU
		{65473257-E70F-410B-9269-D0C0F771EA87}.Release|x64.ActiveCfg = Release|Any CPU
		{65473257-E70F-410B-9269-D0C0F771EA87}.Release|x64.Build.0 = Release|Any CPU
		{65473257-E70F-410B-9269-D0C0F771EA87}.Release|x86.ActiveCfg = Release|Any CPU
		{65473257-E70F-410B-9269-D0C0F771EA87}.Release|x86.Build.0 = Release|Any CPU
		{CF402948-A3F4-4962-8A57-E40B46759D25}.Debug|Any CPU.ActiveCfg = Debug|Any CPU
		{CF402948-A3F4-4962-8A57-E40B46759D25}.Debug|Any CPU.Build.0 = Debug|Any CPU
		{CF402948-A3F4-4962-8A57-E40B46759D25}.Debug|x64.ActiveCfg = Debug|Any CPU
		{CF402948-A3F4-4962-8A57-E40B46759D25}.Debug|x64.Build.0 = Debug|Any CPU
		{CF402948-A3F4-4962-8A57-E40B46759D25}.Debug|x86.ActiveCfg = Debug|Any CPU
		{CF402948-A3F4-4962-8A57-E40B46759D25}.Debug|x86.Build.0 = Debug|Any CPU
		{CF402948-A3F4-4962-8A57-E40B46759D25}.Release|Any CPU.ActiveCfg = Release|Any CPU
		{CF402948-A3F4-4962-8A57-E40B46759D25}.Release|Any CPU.Build.0 = Release|Any CPU
		{CF402948-A3F4-4962-8A57-E40B46759D25}.Release|x64.ActiveCfg = Release|Any CPU
		{CF402948-A3F4-4962-8A57-E40B46759D25}.Release|x64.Build.0 = Release|Any CPU
		{CF402948-A3F4-4962-8A57-E40B46759D25}.Release|x86.ActiveCfg = Release|Any CPU
		{CF402948-A3F4-4962-8A57-E40B46759D25}.Release|x86.Build.0 = Release|Any CPU
		{8CC16BE0-34A4-4683-8D8E-F8F52E19BD7D}.Debug|Any CPU.ActiveCfg = Debug|Any CPU
		{8CC16BE0-34A4-4683-8D8E-F8F52E19BD7D}.Debug|Any CPU.Build.0 = Debug|Any CPU
		{8CC16BE0-34A4-4683-8D8E-F8F52E19BD7D}.Debug|x64.ActiveCfg = Debug|Any CPU
		{8CC16BE0-34A4-4683-8D8E-F8F52E19BD7D}.Debug|x64.Build.0 = Debug|Any CPU
		{8CC16BE0-34A4-4683-8D8E-F8F52E19BD7D}.Debug|x86.ActiveCfg = Debug|Any CPU
		{8CC16BE0-34A4-4683-8D8E-F8F52E19BD7D}.Debug|x86.Build.0 = Debug|Any CPU
		{8CC16BE0-34A4-4683-8D8E-F8F52E19BD7D}.Release|Any CPU.ActiveCfg = Release|Any CPU
		{8CC16BE0-34A4-4683-8D8E-F8F52E19BD7D}.Release|Any CPU.Build.0 = Release|Any CPU
		{8CC16BE0-34A4-4683-8D8E-F8F52E19BD7D}.Release|x64.ActiveCfg = Release|Any CPU
		{8CC16BE0-34A4-4683-8D8E-F8F52E19BD7D}.Release|x64.Build.0 = Release|Any CPU
		{8CC16BE0-34A4-4683-8D8E-F8F52E19BD7D}.Release|x86.ActiveCfg = Release|Any CPU
		{8CC16BE0-34A4-4683-8D8E-F8F52E19BD7D}.Release|x86.Build.0 = Release|Any CPU
		{2541686B-1673-43BF-AF89-3163945DB009}.Debug|Any CPU.ActiveCfg = Debug|Any CPU
		{2541686B-1673-43BF-AF89-3163945DB009}.Debug|Any CPU.Build.0 = Debug|Any CPU
		{2541686B-1673-43BF-AF89-3163945DB009}.Debug|x64.ActiveCfg = Debug|Any CPU
		{2541686B-1673-43BF-AF89-3163945DB009}.Debug|x64.Build.0 = Debug|Any CPU
		{2541686B-1673-43BF-AF89-3163945DB009}.Debug|x86.ActiveCfg = Debug|Any CPU
		{2541686B-1673-43BF-AF89-3163945DB009}.Debug|x86.Build.0 = Debug|Any CPU
		{2541686B-1673-43BF-AF89-3163945DB009}.Release|Any CPU.ActiveCfg = Release|Any CPU
		{2541686B-1673-43BF-AF89-3163945DB009}.Release|Any CPU.Build.0 = Release|Any CPU
		{2541686B-1673-43BF-AF89-3163945DB009}.Release|x64.ActiveCfg = Release|Any CPU
		{2541686B-1673-43BF-AF89-3163945DB009}.Release|x64.Build.0 = Release|Any CPU
		{2541686B-1673-43BF-AF89-3163945DB009}.Release|x86.ActiveCfg = Release|Any CPU
		{2541686B-1673-43BF-AF89-3163945DB009}.Release|x86.Build.0 = Release|Any CPU
		{1A34A984-73A8-4919-BB04-36D8207FD436}.Debug|Any CPU.ActiveCfg = Debug|Any CPU
		{1A34A984-73A8-4919-BB04-36D8207FD436}.Debug|Any CPU.Build.0 = Debug|Any CPU
		{1A34A984-73A8-4919-BB04-36D8207FD436}.Debug|x64.ActiveCfg = Debug|Any CPU
		{1A34A984-73A8-4919-BB04-36D8207FD436}.Debug|x64.Build.0 = Debug|Any CPU
		{1A34A984-73A8-4919-BB04-36D8207FD436}.Debug|x86.ActiveCfg = Debug|Any CPU
		{1A34A984-73A8-4919-BB04-36D8207FD436}.Debug|x86.Build.0 = Debug|Any CPU
		{1A34A984-73A8-4919-BB04-36D8207FD436}.Release|Any CPU.ActiveCfg = Release|Any CPU
		{1A34A984-73A8-4919-BB04-36D8207FD436}.Release|Any CPU.Build.0 = Release|Any CPU
		{1A34A984-73A8-4919-BB04-36D8207FD436}.Release|x64.ActiveCfg = Release|Any CPU
		{1A34A984-73A8-4919-BB04-36D8207FD436}.Release|x64.Build.0 = Release|Any CPU
		{1A34A984-73A8-4919-BB04-36D8207FD436}.Release|x86.ActiveCfg = Release|Any CPU
		{1A34A984-73A8-4919-BB04-36D8207FD436}.Release|x86.Build.0 = Release|Any CPU
	EndGlobalSection
	GlobalSection(SolutionProperties) = preSolution
		HideSolutionNode = FALSE
	EndGlobalSection
	GlobalSection(NestedProjects) = preSolution
		{EC0F2B60-CC39-4990-801F-C5DB4B570600} = {F23AD991-B2E9-432F-88A5-57593A3F2DED}
		{9CA367B8-0B98-49D1-84FB-735E612E3BA9} = {F23AD991-B2E9-432F-88A5-57593A3F2DED}
		{1495759A-9158-4F22-B75F-EE291C57D935} = {F23AD991-B2E9-432F-88A5-57593A3F2DED}
		{B1859387-CD34-4138-B3ED-D78C60F3F825} = {F23AD991-B2E9-432F-88A5-57593A3F2DED}
		{7F7994CE-823F-4A04-BBEA-D0A3808FF56D} = {F23AD991-B2E9-432F-88A5-57593A3F2DED}
		{D0C39D9D-BED0-418B-9A5E-713176CAF40C} = {F23AD991-B2E9-432F-88A5-57593A3F2DED}
		{E06DEF77-F933-42FB-AFD7-DB2D0D8D6A98} = {F23AD991-B2E9-432F-88A5-57593A3F2DED}
		{CCE510F7-1DA6-40F2-8921-B86ED41BB85E} = {F23AD991-B2E9-432F-88A5-57593A3F2DED}
		{BFBEA668-811B-4A2C-88C8-4ACE809240EA} = {F23AD991-B2E9-432F-88A5-57593A3F2DED}
		{664FC484-2A94-4B0D-808F-A71F88E06B11} = {F23AD991-B2E9-432F-88A5-57593A3F2DED}
		{65473257-E70F-410B-9269-D0C0F771EA87} = {F23AD991-B2E9-432F-88A5-57593A3F2DED}
		{CF402948-A3F4-4962-8A57-E40B46759D25} = {F23AD991-B2E9-432F-88A5-57593A3F2DED}
		{8CC16BE0-34A4-4683-8D8E-F8F52E19BD7D} = {F23AD991-B2E9-432F-88A5-57593A3F2DED}
		{2541686B-1673-43BF-AF89-3163945DB009} = {F23AD991-B2E9-432F-88A5-57593A3F2DED}
		{1A34A984-73A8-4919-BB04-36D8207FD436} = {F23AD991-B2E9-432F-88A5-57593A3F2DED}
	EndGlobalSection
	GlobalSection(ExtensibilityGlobals) = postSolution
		SolutionGuid = {8A2BF157-2FF1-42DE-814D-DB7FDC30D416}
	EndGlobalSection
EndGlobal
